<?xml version="1.0" encoding="utf-8"?>
<Project ToolsVersion="4.0" xmlns="http://schemas.microsoft.com/developer/msbuild/2003">
  <ItemGroup>
    <Filter Include="Source Files">
      <UniqueIdentifier>{4FC737F1-C7A5-4376-A066-2A32D752A2FF}</UniqueIdentifier>
      <Extensions>cpp;c;cc;cxx;c++;def;odl;idl;hpj;bat;asm;asmx</Extensions>
    </Filter>
    <Filter Include="Header Files">
      <UniqueIdentifier>{93995380-89BD-4b04-88EB-625FBE52EBFB}</UniqueIdentifier>
      <Extensions>h;hh;hpp;hxx;h++;hm;inl;inc;ipp;xsd</Extensions>
    </Filter>
    <Filter Include="Resource Files">
      <UniqueIdentifier>{67DA6AB6-F800-4c08-8B7A-83BB121AAD01}</UniqueIdentifier>
      <Extensions>rc;ico;cur;bmp;dlg;rc2;rct;bin;rgs;gif;jpg;jpeg;jpe;resx;tiff;tif;png;wav;mfcribbon-ms</Extensions>
    </Filter>
    <Filter Include="Game">
      <UniqueIdentifier>{cfdfe147-f780-479e-be17-b52b47741e3d}</UniqueIdentifier>
    </Filter>
    <Filter Include="Game\Public">
      <UniqueIdentifier>{74d1a105-1c3b-49d3-b315-f4025f2445c6}</UniqueIdentifier>
    </Filter>
    <Filter Include="Game\Private">
      <UniqueIdentifier>{f0f25c37-de49-4322-bd0d-54dfa2a65b67}</UniqueIdentifier>
    </Filter>
    <Filter Include="Game\Assets">
      <UniqueIdentifier>{6b0d59de-aff8-4fc4-b69f-e88989ff72de}</UniqueIdentifier>
    </Filter>
  </ItemGroup>
  <ItemGroup>
    <ClCompile Include="main.cpp">
      <Filter>Source Files</Filter>
    </ClCompile>
    <ClCompile Include="Game\Private\VolleyballCourtGame.cpp">
      <Filter>Game\Private</Filter>
    </ClCompile>
  </ItemGroup>
  <ItemGroup>
    <ClInclude Include="Game\Public\VolleyballCourtGame.h">
      <Filter>Game\Public</Filter>
    </ClInclude>
  </ItemGroup>
  <ItemGroup>
    <CopyFileToFolders Include="..\Assets\ball_br2.x">
      <Filter>Game\Assets</Filter>
    </CopyFileToFolders>
    <CopyFileToFolders Include="..\Assets\arena_Walls.x">
      <Filter>Game\Assets</Filter>
    </CopyFileToFolders>
    <CopyFileToFolders Include="..\Assets\base_Ground.x">
      <Filter>Game\Assets</Filter>
    </CopyFileToFolders>
    <CopyFileToFolders Include="..\Assets\bench_center.x">
      <Filter>Game\Assets</Filter>
    </CopyFileToFolders>
    <CopyFileToFolders Include="..\Assets\bench_table.x">
      <Filter>Game\Assets</Filter>
    </CopyFileToFolders>
    <CopyFileToFolders Include="..\Assets\chair_stand.x">
      <Filter>Game\Assets</Filter>
    </CopyFileToFolders>
    <CopyFileToFolders Include="..\Assets\court_GameOutter.x">
      <Filter>Game\Assets</Filter>
    </CopyFileToFolders>
    <CopyFileToFolders Include="..\Assets\court_Inner.x">
      <Filter>Game\Assets</Filter>
    </CopyFileToFolders>
    <CopyFileToFolders Include="..\Assets\hook_Bindings.x">
      <Filter>Game\Assets</Filter>
    </CopyFileToFolders>
    <CopyFileToFolders Include="..\Assets\lights.x">
      <Filter>Game\Assets</Filter>
    </CopyFileToFolders>
    <CopyFileToFolders Include="..\Assets\long_bench.x">
      <Filter>Game\Assets</Filter>
    </CopyFileToFolders>
    <CopyFileToFolders Include="..\Assets\long_bench_left.x">
      <Filter>Game\Assets</Filter>
    </CopyFileToFolders>
    <CopyFileToFolders Include="..\Assets\Net.x">
      <Filter>Game\Assets</Filter>
    </CopyFileToFolders>
    <CopyFileToFolders Include="..\Assets\net_Antenna.x">
      <Filter>Game\Assets</Filter>
    </CopyFileToFolders>
    <CopyFileToFolders Include="..\Assets\net_Bench.x">
      <Filter>Game\Assets</Filter>
    </CopyFileToFolders>
    <CopyFileToFolders Include="..\Assets\net_Frame.x">
      <Filter>Game\Assets</Filter>
    </CopyFileToFolders>
    <CopyFileToFolders Include="..\Assets\net_Pillars.x">
      <Filter>Game\Assets</Filter>
    </CopyFileToFolders>
    <CopyFileToFolders Include="..\Assets\net_SafetyPillars.x">
      <Filter>Game\Assets</Filter>
    </CopyFileToFolders>
    <CopyFileToFolders Include="..\Assets\seats_w.x">
      <Filter>Game\Assets</Filter>
    </CopyFileToFolders>
    <CopyFileToFolders Include="..\Assets\standsBase_Plates.x">
      <Filter>Game\Assets</Filter>
    </CopyFileToFolders>
  </ItemGroup>
</Project>